// !$*UTF8*$!
{
	archiveVersion = 1;
	classes = {
	};
	objectVersion = 46;
	objects = {

/* Begin PBXBuildFile section */
		1DC7DBF8F36B21C4978CF8AD /* Pods_Notify.framework in Frameworks */ = {isa = PBXBuildFile; fileRef = A808E6BA95A83589D00D99BF /* Pods_Notify.framework */; };
		CE057FA21F6AF897005C3AE9 /* AppDelegate.swift in Sources */ = {isa = PBXBuildFile; fileRef = CE057FA11F6AF897005C3AE9 /* AppDelegate.swift */; };
		CE057FA41F6AF897005C3AE9 /* ViewController.swift in Sources */ = {isa = PBXBuildFile; fileRef = CE057FA31F6AF897005C3AE9 /* ViewController.swift */; };
		CE057FA71F6AF897005C3AE9 /* Main.storyboard in Resources */ = {isa = PBXBuildFile; fileRef = CE057FA51F6AF897005C3AE9 /* Main.storyboard */; };
		CE057FA91F6AF897005C3AE9 /* Assets.xcassets in Resources */ = {isa = PBXBuildFile; fileRef = CE057FA81F6AF897005C3AE9 /* Assets.xcassets */; };
		CE057FAC1F6AF897005C3AE9 /* LaunchScreen.storyboard in Resources */ = {isa = PBXBuildFile; fileRef = CE057FAA1F6AF897005C3AE9 /* LaunchScreen.storyboard */; };
		CE057FB71F6AF897005C3AE9 /* NotifyTests.swift in Sources */ = {isa = PBXBuildFile; fileRef = CE057FB61F6AF897005C3AE9 /* NotifyTests.swift */; };
		CE057FC21F6AF898005C3AE9 /* NotifyUITests.swift in Sources */ = {isa = PBXBuildFile; fileRef = CE057FC11F6AF898005C3AE9 /* NotifyUITests.swift */; };
		CEEA640B1F6B87B9003CF02E /* GoogleService-Info.plist in Resources */ = {isa = PBXBuildFile; fileRef = CEEA640A1F6B87B9003CF02E /* GoogleService-Info.plist */; };
/* End PBXBuildFile section */

/* Begin PBXContainerItemProxy section */
		CE057FB31F6AF897005C3AE9 /* PBXContainerItemProxy */ = {
			isa = PBXContainerItemProxy;
			containerPortal = CE057F961F6AF897005C3AE9 /* Project object */;
			proxyType = 1;
			remoteGlobalIDString = CE057F9D1F6AF897005C3AE9;
			remoteInfo = Notify;
		};
		CE057FBE1F6AF897005C3AE9 /* PBXContainerItemProxy */ = {
			isa = PBXContainerItemProxy;
			containerPortal = CE057F961F6AF897005C3AE9 /* Project object */;
			proxyType = 1;
			remoteGlobalIDString = CE057F9D1F6AF897005C3AE9;
			remoteInfo = Notify;
		};
/* End PBXContainerItemProxy section */

/* Begin PBXFileReference section */
		98A07FA64F12B16ACC427DD2 /* Pods-Notify.release.xcconfig */ = {isa = PBXFileReference; includeInIndex = 1; lastKnownFileType = text.xcconfig; name = "Pods-Notify.release.xcconfig"; path = "Pods/Target Support Files/Pods-Notify/Pods-Notify.release.xcconfig"; sourceTree = "<group>"; };
		A808E6BA95A83589D00D99BF /* Pods_Notify.framework */ = {isa = PBXFileReference; explicitFileType = wrapper.framework; includeInIndex = 0; path = Pods_Notify.framework; sourceTree = BUILT_PRODUCTS_DIR; };
		CE057F9E1F6AF897005C3AE9 /* Notify.app */ = {isa = PBXFileReference; explicitFileType = wrapper.application; includeInIndex = 0; path = Notify.app; sourceTree = BUILT_PRODUCTS_DIR; };
		CE057FA11F6AF897005C3AE9 /* AppDelegate.swift */ = {isa = PBXFileReference; lastKnownFileType = sourcecode.swift; path = AppDelegate.swift; sourceTree = "<group>"; };
		CE057FA31F6AF897005C3AE9 /* ViewController.swift */ = {isa = PBXFileReference; lastKnownFileType = sourcecode.swift; path = ViewController.swift; sourceTree = "<group>"; };
		CE057FA61F6AF897005C3AE9 /* Base */ = {isa = PBXFileReference; lastKnownFileType = file.storyboard; name = Base; path = Base.lproj/Main.storyboard; sourceTree = "<group>"; };
		CE057FA81F6AF897005C3AE9 /* Assets.xcassets */ = {isa = PBXFileReference; lastKnownFileType = folder.assetcatalog; path = Assets.xcassets; sourceTree = "<group>"; };
		CE057FAB1F6AF897005C3AE9 /* Base */ = {isa = PBXFileReference; lastKnownFileType = file.storyboard; name = Base; path = Base.lproj/LaunchScreen.storyboard; sourceTree = "<group>"; };
		CE057FAD1F6AF897005C3AE9 /* Info.plist */ = {isa = PBXFileReference; lastKnownFileType = text.plist.xml; path = Info.plist; sourceTree = "<group>"; };
		CE057FB21F6AF897005C3AE9 /* NotifyTests.xctest */ = {isa = PBXFileReference; explicitFileType = wrapper.cfbundle; includeInIndex = 0; path = NotifyTests.xctest; sourceTree = BUILT_PRODUCTS_DIR; };
		CE057FB61F6AF897005C3AE9 /* NotifyTests.swift */ = {isa = PBXFileReference; lastKnownFileType = sourcecode.swift; path = NotifyTests.swift; sourceTree = "<group>"; };
		CE057FB81F6AF897005C3AE9 /* Info.plist */ = {isa = PBXFileReference; lastKnownFileType = text.plist.xml; path = Info.plist; sourceTree = "<group>"; };
		CE057FBD1F6AF897005C3AE9 /* NotifyUITests.xctest */ = {isa = PBXFileReference; explicitFileType = wrapper.cfbundle; includeInIndex = 0; path = NotifyUITests.xctest; sourceTree = BUILT_PRODUCTS_DIR; };
		CE057FC11F6AF898005C3AE9 /* NotifyUITests.swift */ = {isa = PBXFileReference; lastKnownFileType = sourcecode.swift; path = NotifyUITests.swift; sourceTree = "<group>"; };
		CE057FC31F6AF898005C3AE9 /* Info.plist */ = {isa = PBXFileReference; lastKnownFileType = text.plist.xml; path = Info.plist; sourceTree = "<group>"; };
		CEEA64011F6B6CBA003CF02E /* Notify.entitlements */ = {isa = PBXFileReference; lastKnownFileType = text.plist.entitlements; path = Notify.entitlements; sourceTree = "<group>"; };
		CEEA640A1F6B87B9003CF02E /* GoogleService-Info.plist */ = {isa = PBXFileReference; fileEncoding = 4; lastKnownFileType = text.plist.xml; name = "GoogleService-Info.plist"; path = "../../GoogleService-Info.plist"; sourceTree = "<group>"; };
		F8B1C8B9A260ABB48A9734B5 /* Pods-Notify.debug.xcconfig */ = {isa = PBXFileReference; includeInIndex = 1; lastKnownFileType = text.xcconfig; name = "Pods-Notify.debug.xcconfig"; path = "Pods/Target Support Files/Pods-Notify/Pods-Notify.debug.xcconfig"; sourceTree = "<group>"; };
/* End PBXFileReference section */

/* Begin PBXFrameworksBuildPhase section */
		CE057F9B1F6AF897005C3AE9 /* Frameworks */ = {
			isa = PBXFrameworksBuildPhase;
			buildActionMask = 2147483647;
			files = (
				1DC7DBF8F36B21C4978CF8AD /* Pods_Notify.framework in Frameworks */,
			);
			runOnlyForDeploymentPostprocessing = 0;
		};
		CE057FAF1F6AF897005C3AE9 /* Frameworks */ = {
			isa = PBXFrameworksBuildPhase;
			buildActionMask = 2147483647;
			files = (
			);
			runOnlyForDeploymentPostprocessing = 0;
		};
		CE057FBA1F6AF897005C3AE9 /* Frameworks */ = {
			isa = PBXFrameworksBuildPhase;
			buildActionMask = 2147483647;
			files = (
			);
			runOnlyForDeploymentPostprocessing = 0;
		};
/* End PBXFrameworksBuildPhase section */

/* Begin PBXGroup section */
		535F049439353E4B6199D13D /* Frameworks */ = {
			isa = PBXGroup;
			children = (
				A808E6BA95A83589D00D99BF /* Pods_Notify.framework */,
			);
			name = Frameworks;
			sourceTree = "<group>";
		};
		5F8148410EE22086DB5D27AB /* Pods */ = {
			isa = PBXGroup;
			children = (
				F8B1C8B9A260ABB48A9734B5 /* Pods-Notify.debug.xcconfig */,
				98A07FA64F12B16ACC427DD2 /* Pods-Notify.release.xcconfig */,
			);
			name = Pods;
			sourceTree = "<group>";
		};
		CE057F951F6AF897005C3AE9 = {
			isa = PBXGroup;
			children = (
				CE057FA01F6AF897005C3AE9 /* Notify */,
				CE057FB51F6AF897005C3AE9 /* NotifyTests */,
				CE057FC01F6AF898005C3AE9 /* NotifyUITests */,
				CE057F9F1F6AF897005C3AE9 /* Products */,
				5F8148410EE22086DB5D27AB /* Pods */,
				535F049439353E4B6199D13D /* Frameworks */,
			);
			sourceTree = "<group>";
		};
		CE057F9F1F6AF897005C3AE9 /* Products */ = {
			isa = PBXGroup;
			children = (
				CE057F9E1F6AF897005C3AE9 /* Notify.app */,
				CE057FB21F6AF897005C3AE9 /* NotifyTests.xctest */,
				CE057FBD1F6AF897005C3AE9 /* NotifyUITests.xctest */,
			);
			name = Products;
			sourceTree = "<group>";
		};
		CE057FA01F6AF897005C3AE9 /* Notify */ = {
			isa = PBXGroup;
			children = (
				CEEA640A1F6B87B9003CF02E /* GoogleService-Info.plist */,
				CEEA64011F6B6CBA003CF02E /* Notify.entitlements */,
				CE057FA11F6AF897005C3AE9 /* AppDelegate.swift */,
				CE057FA31F6AF897005C3AE9 /* ViewController.swift */,
				CE057FA51F6AF897005C3AE9 /* Main.storyboard */,
				CE057FA81F6AF897005C3AE9 /* Assets.xcassets */,
				CE057FAA1F6AF897005C3AE9 /* LaunchScreen.storyboard */,
				CE057FAD1F6AF897005C3AE9 /* Info.plist */,
			);
			path = Notify;
			sourceTree = "<group>";
		};
		CE057FB51F6AF897005C3AE9 /* NotifyTests */ = {
			isa = PBXGroup;
			children = (
				CE057FB61F6AF897005C3AE9 /* NotifyTests.swift */,
				CE057FB81F6AF897005C3AE9 /* Info.plist */,
			);
			path = NotifyTests;
			sourceTree = "<group>";
		};
		CE057FC01F6AF898005C3AE9 /* NotifyUITests */ = {
			isa = PBXGroup;
			children = (
				CE057FC11F6AF898005C3AE9 /* NotifyUITests.swift */,
				CE057FC31F6AF898005C3AE9 /* Info.plist */,
			);
			path = NotifyUITests;
			sourceTree = "<group>";
		};
/* End PBXGroup section */

/* Begin PBXNativeTarget section */
		CE057F9D1F6AF897005C3AE9 /* Notify */ = {
			isa = PBXNativeTarget;
			buildConfigurationList = CE057FC61F6AF898005C3AE9 /* Build configuration list for PBXNativeTarget "Notify" */;
			buildPhases = (
				7C74538EC6DFD2BA3976C6CB /* [CP] Check Pods Manifest.lock */,
				CE057F9A1F6AF897005C3AE9 /* Sources */,
				CE057F9B1F6AF897005C3AE9 /* Frameworks */,
				CE057F9C1F6AF897005C3AE9 /* Resources */,
				4BDAD453BA5B4A8077DE57BC /* [CP] Embed Pods Frameworks */,
				027B46C1ECE2AA134BD2FF78 /* [CP] Copy Pods Resources */,
			);
			buildRules = (
			);
			dependencies = (
			);
			name = Notify;
			productName = Notify;
			productReference = CE057F9E1F6AF897005C3AE9 /* Notify.app */;
			productType = "com.apple.product-type.application";
		};
		CE057FB11F6AF897005C3AE9 /* NotifyTests */ = {
			isa = PBXNativeTarget;
			buildConfigurationList = CE057FC91F6AF898005C3AE9 /* Build configuration list for PBXNativeTarget "NotifyTests" */;
			buildPhases = (
				CE057FAE1F6AF897005C3AE9 /* Sources */,
				CE057FAF1F6AF897005C3AE9 /* Frameworks */,
				CE057FB01F6AF897005C3AE9 /* Resources */,
			);
			buildRules = (
			);
			dependencies = (
				CE057FB41F6AF897005C3AE9 /* PBXTargetDependency */,
			);
			name = NotifyTests;
			productName = NotifyTests;
			productReference = CE057FB21F6AF897005C3AE9 /* NotifyTests.xctest */;
			productType = "com.apple.product-type.bundle.unit-test";
		};
		CE057FBC1F6AF897005C3AE9 /* NotifyUITests */ = {
			isa = PBXNativeTarget;
			buildConfigurationList = CE057FCC1F6AF898005C3AE9 /* Build configuration list for PBXNativeTarget "NotifyUITests" */;
			buildPhases = (
				CE057FB91F6AF897005C3AE9 /* Sources */,
				CE057FBA1F6AF897005C3AE9 /* Frameworks */,
				CE057FBB1F6AF897005C3AE9 /* Resources */,
			);
			buildRules = (
			);
			dependencies = (
				CE057FBF1F6AF897005C3AE9 /* PBXTargetDependency */,
			);
			name = NotifyUITests;
			productName = NotifyUITests;
			productReference = CE057FBD1F6AF897005C3AE9 /* NotifyUITests.xctest */;
			productType = "com.apple.product-type.bundle.ui-testing";
		};
/* End PBXNativeTarget section */

/* Begin PBXProject section */
		CE057F961F6AF897005C3AE9 /* Project object */ = {
			isa = PBXProject;
			attributes = {
				LastSwiftUpdateCheck = 0830;
				LastUpgradeCheck = 0830;
				ORGANIZATIONNAME = cubix;
				TargetAttributes = {
					CE057F9D1F6AF897005C3AE9 = {
						CreatedOnToolsVersion = 8.3.3;
						DevelopmentTeam = AT37MU8G47;
						ProvisioningStyle = Automatic;
						SystemCapabilities = {
							com.apple.Push = {
								enabled = 1;
							};
						};
					};
					CE057FB11F6AF897005C3AE9 = {
						CreatedOnToolsVersion = 8.3.3;
						DevelopmentTeam = AT37MU8G47;
						ProvisioningStyle = Automatic;
						TestTargetID = CE057F9D1F6AF897005C3AE9;
					};
					CE057FBC1F6AF897005C3AE9 = {
						CreatedOnToolsVersion = 8.3.3;
						DevelopmentTeam = AT37MU8G47;
						ProvisioningStyle = Automatic;
						TestTargetID = CE057F9D1F6AF897005C3AE9;
					};
				};
			};
			buildConfigurationList = CE057F991F6AF897005C3AE9 /* Build configuration list for PBXProject "Notify" */;
			compatibilityVersion = "Xcode 3.2";
			developmentRegion = English;
			hasScannedForEncodings = 0;
			knownRegions = (
				en,
				Base,
			);
			mainGroup = CE057F951F6AF897005C3AE9;
			productRefGroup = CE057F9F1F6AF897005C3AE9 /* Products */;
			projectDirPath = "";
			projectRoot = "";
			targets = (
				CE057F9D1F6AF897005C3AE9 /* Notify */,
				CE057FB11F6AF897005C3AE9 /* NotifyTests */,
				CE057FBC1F6AF897005C3AE9 /* NotifyUITests */,
			);
		};
/* End PBXProject section */

/* Begin PBXResourcesBuildPhase section */
		CE057F9C1F6AF897005C3AE9 /* Resources */ = {
			isa = PBXResourcesBuildPhase;
			buildActionMask = 2147483647;
			files = (
				CE057FAC1F6AF897005C3AE9 /* LaunchScreen.storyboard in Resources */,
				CEEA640B1F6B87B9003CF02E /* GoogleService-Info.plist in Resources */,
				CE057FA91F6AF897005C3AE9 /* Assets.xcassets in Resources */,
				CE057FA71F6AF897005C3AE9 /* Main.storyboard in Resources */,
			);
			runOnlyForDeploymentPostprocessing = 0;
		};
		CE057FB01F6AF897005C3AE9 /* Resources */ = {
			isa = PBXResourcesBuildPhase;
			buildActionMask = 2147483647;
			files = (
			);
			runOnlyForDeploymentPostprocessing = 0;
		};
		CE057FBB1F6AF897005C3AE9 /* Resources */ = {
			isa = PBXResourcesBuildPhase;
			buildActionMask = 2147483647;
			files = (
			);
			runOnlyForDeploymentPostprocessing = 0;
		};
/* End PBXResourcesBuildPhase section */

/* Begin PBXShellScriptBuildPhase section */
		027B46C1ECE2AA134BD2FF78 /* [CP] Copy Pods Resources */ = {
			isa = PBXShellScriptBuildPhase;
			buildActionMask = 2147483647;
			files = (
			);
			inputPaths = (
			);
			name = "[CP] Copy Pods Resources";
			outputPaths = (
			);
			runOnlyForDeploymentPostprocessing = 0;
			shellPath = /bin/sh;
			shellScript = "\"${SRCROOT}/Pods/Target Support Files/Pods-Notify/Pods-Notify-resources.sh\"\n";
			showEnvVarsInLog = 0;
		};
		4BDAD453BA5B4A8077DE57BC /* [CP] Embed Pods Frameworks */ = {
			isa = PBXShellScriptBuildPhase;
			buildActionMask = 2147483647;
			files = (
			);
			inputPaths = (
				"${SRCROOT}/Pods/Target Support Files/Pods-Notify/Pods-Notify-frameworks.sh",
				"${BUILT_PRODUCTS_DIR}/GoogleToolboxForMac/GoogleToolboxForMac.framework",
				"${BUILT_PRODUCTS_DIR}/Protobuf/Protobuf.framework",
				"${BUILT_PRODUCTS_DIR}/nanopb/nanopb.framework",
			);
			name = "[CP] Embed Pods Frameworks";
			outputPaths = (
				"${TARGET_BUILD_DIR}/${FRAMEWORKS_FOLDER_PATH}/GoogleToolboxForMac.framework",
				"${TARGET_BUILD_DIR}/${FRAMEWORKS_FOLDER_PATH}/Protobuf.framework",
				"${TARGET_BUILD_DIR}/${FRAMEWORKS_FOLDER_PATH}/nanopb.framework",
			);
			runOnlyForDeploymentPostprocessing = 0;
			shellPath = /bin/sh;
			shellScript = "\"${SRCROOT}/Pods/Target Support Files/Pods-Notify/Pods-Notify-frameworks.sh\"\n";
			showEnvVarsInLog = 0;
		};
		7C74538EC6DFD2BA3976C6CB /* [CP] Check Pods Manifest.lock */ = {
			isa = PBXShellScriptBuildPhase;
			buildActionMask = 2147483647;
			files = (
			);
			inputPaths = (
				"${PODS_PODFILE_DIR_PATH}/Podfile.lock",
				"${PODS_ROOT}/Manifest.lock",
			);
			name = "[CP] Check Pods Manifest.lock";
			outputPaths = (
				"$(DERIVED_FILE_DIR)/Pods-Notify-checkManifestLockResult.txt",
			);
			runOnlyForDeploymentPostprocessing = 0;
			shellPath = /bin/sh;
			shellScript = "diff \"${PODS_PODFILE_DIR_PATH}/Podfile.lock\" \"${PODS_ROOT}/Manifest.lock\" > /dev/null\nif [ $? != 0 ] ; then\n    # print error to STDERR\n    echo \"error: The sandbox is not in sync with the Podfile.lock. Run 'pod install' or update your CocoaPods installation.\" >&2\n    exit 1\nfi\n# This output is used by Xcode 'outputs' to avoid re-running this script phase.\necho \"SUCCESS\" > \"${SCRIPT_OUTPUT_FILE_0}\"\n";
			showEnvVarsInLog = 0;
		};
/* End PBXShellScriptBuildPhase section */

/* Begin PBXSourcesBuildPhase section */
		CE057F9A1F6AF897005C3AE9 /* Sources */ = {
			isa = PBXSourcesBuildPhase;
			buildActionMask = 2147483647;
			files = (
				CE057FA41F6AF897005C3AE9 /* ViewController.swift in Sources */,
				CE057FA21F6AF897005C3AE9 /* AppDelegate.swift in Sources */,
			);
			runOnlyForDeploymentPostprocessing = 0;
		};
		CE057FAE1F6AF897005C3AE9 /* Sources */ = {
			isa = PBXSourcesBuildPhase;
			buildActionMask = 2147483647;
			files = (
				CE057FB71F6AF897005C3AE9 /* NotifyTests.swift in Sources */,
			);
			runOnlyForDeploymentPostprocessing = 0;
		};
		CE057FB91F6AF897005C3AE9 /* Sources */ = {
			isa = PBXSourcesBuildPhase;
			buildActionMask = 2147483647;
			files = (
				CE057FC21F6AF898005C3AE9 /* NotifyUITests.swift in Sources */,
			);
			runOnlyForDeploymentPostprocessing = 0;
		};
/* End PBXSourcesBuildPhase section */

/* Begin PBXTargetDependency section */
		CE057FB41F6AF897005C3AE9 /* PBXTargetDependency */ = {
			isa = PBXTargetDependency;
			target = CE057F9D1F6AF897005C3AE9 /* Notify */;
			targetProxy = CE057FB31F6AF897005C3AE9 /* PBXContainerItemProxy */;
		};
		CE057FBF1F6AF897005C3AE9 /* PBXTargetDependency */ = {
			isa = PBXTargetDependency;
			target = CE057F9D1F6AF897005C3AE9 /* Notify */;
			targetProxy = CE057FBE1F6AF897005C3AE9 /* PBXContainerItemProxy */;
		};
/* End PBXTargetDependency section */

/* Begin PBXVariantGroup section */
		CE057FA51F6AF897005C3AE9 /* Main.storyboard */ = {
			isa = PBXVariantGroup;
			children = (
				CE057FA61F6AF897005C3AE9 /* Base */,
			);
			name = Main.storyboard;
			sourceTree = "<group>";
		};
		CE057FAA1F6AF897005C3AE9 /* LaunchScreen.storyboard */ = {
			isa = PBXVariantGroup;
			children = (
				CE057FAB1F6AF897005C3AE9 /* Base */,
			);
			name = LaunchScreen.storyboard;
			sourceTree = "<group>";
		};
/* End PBXVariantGroup section */

/* Begin XCBuildConfiguration section */
		CE057FC41F6AF898005C3AE9 /* Debug */ = {
			isa = XCBuildConfiguration;
			buildSettings = {
				ALWAYS_SEARCH_USER_PATHS = NO;
				CLANG_ANALYZER_NONNULL = YES;
				CLANG_ANALYZER_NUMBER_OBJECT_CONVERSION = YES_AGGRESSIVE;
				CLANG_CXX_LANGUAGE_STANDARD = "gnu++0x";
				CLANG_CXX_LIBRARY = "libc++";
				CLANG_ENABLE_MODULES = YES;
				CLANG_ENABLE_OBJC_ARC = YES;
				CLANG_WARN_BOOL_CONVERSION = YES;
				CLANG_WARN_CONSTANT_CONVERSION = YES;
				CLANG_WARN_DIRECT_OBJC_ISA_USAGE = YES_ERROR;
				CLANG_WARN_DOCUMENTATION_COMMENTS = YES;
				CLANG_WARN_EMPTY_BODY = YES;
				CLANG_WARN_ENUM_CONVERSION = YES;
				CLANG_WARN_INFINITE_RECURSION = YES;
				CLANG_WARN_INT_CONVERSION = YES;
				CLANG_WARN_OBJC_ROOT_CLASS = YES_ERROR;
				CLANG_WARN_SUSPICIOUS_MOVE = YES;
				CLANG_WARN_UNREACHABLE_CODE = YES;
				CLANG_WARN__DUPLICATE_METHOD_MATCH = YES;
				"CODE_SIGN_IDENTITY[sdk=iphoneos*]" = "iPhone Developer";
				COPY_PHASE_STRIP = NO;
				DEBUG_INFORMATION_FORMAT = dwarf;
				ENABLE_STRICT_OBJC_MSGSEND = YES;
				ENABLE_TESTABILITY = YES;
				GCC_C_LANGUAGE_STANDARD = gnu99;
				GCC_DYNAMIC_NO_PIC = NO;
				GCC_NO_COMMON_BLOCKS = YES;
				GCC_OPTIMIZATION_LEVEL = 0;
				GCC_PREPROCESSOR_DEFINITIONS = (
					"DEBUG=1",
					"$(inherited)",
				);
				GCC_WARN_64_TO_32_BIT_CONVERSION = YES;
				GCC_WARN_ABOUT_RETURN_TYPE = YES_ERROR;
				GCC_WARN_UNDECLARED_SELECTOR = YES;
				GCC_WARN_UNINITIALIZED_AUTOS = YES_AGGRESSIVE;
				GCC_WARN_UNUSED_FUNCTION = YES;
				GCC_WARN_UNUSED_VARIABLE = YES;
				IPHONEOS_DEPLOYMENT_TARGET = 10.3;
				MTL_ENABLE_DEBUG_INFO = YES;
				ONLY_ACTIVE_ARCH = YES;
				SDKROOT = iphoneos;
				SWIFT_ACTIVE_COMPILATION_CONDITIONS = DEBUG;
				SWIFT_OPTIMIZATION_LEVEL = "-Onone";
			};
			name = Debug;
		};
		CE057FC51F6AF898005C3AE9 /* Release */ = {
			isa = XCBuildConfiguration;
			buildSettings = {
				ALWAYS_SEARCH_USER_PATHS = NO;
				CLANG_ANALYZER_NONNULL = YES;
				CLANG_ANALYZER_NUMBER_OBJECT_CONVERSION = YES_AGGRESSIVE;
				CLANG_CXX_LANGUAGE_STANDARD = "gnu++0x";
				CLANG_CXX_LIBRARY = "libc++";
				CLANG_ENABLE_MODULES = YES;
				CLANG_ENABLE_OBJC_ARC = YES;
				CLANG_WARN_BOOL_CONVERSION = YES;
				CLANG_WARN_CONSTANT_CONVERSION = YES;
				CLANG_WARN_DIRECT_OBJC_ISA_USAGE = YES_ERROR;
				CLANG_WARN_DOCUMENTATION_COMMENTS = YES;
				CLANG_WARN_EMPTY_BODY = YES;
				CLANG_WARN_ENUM_CONVERSION = YES;
				CLANG_WARN_INFINITE_RECURSION = YES;
				CLANG_WARN_INT_CONVERSION = YES;
				CLANG_WARN_OBJC_ROOT_CLASS = YES_ERROR;
				CLANG_WARN_SUSPICIOUS_MOVE = YES;
				CLANG_WARN_UNREACHABLE_CODE = YES;
				CLANG_WARN__DUPLICATE_METHOD_MATCH = YES;
				"CODE_SIGN_IDENTITY[sdk=iphoneos*]" = "iPhone Developer";
				COPY_PHASE_STRIP = NO;
				DEBUG_INFORMATION_FORMAT = "dwarf-with-dsym";
				ENABLE_NS_ASSERTIONS = NO;
				ENABLE_STRICT_OBJC_MSGSEND = YES;
				GCC_C_LANGUAGE_STANDARD = gnu99;
				GCC_NO_COMMON_BLOCKS = YES;
				GCC_WARN_64_TO_32_BIT_CONVERSION = YES;
				GCC_WARN_ABOUT_RETURN_TYPE = YES_ERROR;
				GCC_WARN_UNDECLARED_SELECTOR = YES;
				GCC_WARN_UNINITIALIZED_AUTOS = YES_AGGRESSIVE;
				GCC_WARN_UNUSED_FUNCTION = YES;
				GCC_WARN_UNUSED_VARIABLE = YES;
				IPHONEOS_DEPLOYMENT_TARGET = 10.3;
				MTL_ENABLE_DEBUG_INFO = NO;
				SDKROOT = iphoneos;
				SWIFT_OPTIMIZATION_LEVEL = "-Owholemodule";
				VALIDATE_PRODUCT = YES;
			};
			name = Release;
		};
		CE057FC71F6AF898005C3AE9 /* Debug */ = {
			isa = XCBuildConfiguration;
			baseConfigurationReference = F8B1C8B9A260ABB48A9734B5 /* Pods-Notify.debug.xcconfig */;
			buildSettings = {
				ASSETCATALOG_COMPILER_APPICON_NAME = AppIcon;
				CODE_SIGN_ENTITLEMENTS = Notify/Notify.entitlements;
				DEVELOPMENT_TEAM = AT37MU8G47;
				INFOPLIST_FILE = Notify/Info.plist;
				LD_RUNPATH_SEARCH_PATHS = "$(inherited) @executable_path/Frameworks";
				PRODUCT_BUNDLE_IDENTIFIER = com.cocoa.dev;
				PRODUCT_NAME = "$(TARGET_NAME)";
				SWIFT_VERSION = 3.0;
			};
			name = Debug;
		};
		CE057FC81F6AF898005C3AE9 /* Release */ = {
			isa = XCBuildConfiguration;
			baseConfigurationReference = 98A07FA64F12B16ACC427DD2 /* Pods-Notify.release.xcconfig */;
			buildSettings = {
				ASSETCATALOG_COMPILER_APPICON_NAME = AppIcon;
				CODE_SIGN_ENTITLEMENTS = Notify/Notify.entitlements;
				DEVELOPMENT_TEAM = AT37MU8G47;
				INFOPLIST_FILE = Notify/Info.plist;
				LD_RUNPATH_SEARCH_PATHS = "$(inherited) @executable_path/Frameworks";
				PRODUCT_BUNDLE_IDENTIFIER = com.cocoa.dev;
				PRODUCT_NAME = "$(TARGET_NAME)";
				SWIFT_VERSION = 3.0;
			};
			name = Release;
		};
		CE057FCA1F6AF898005C3AE9 /* Debug */ = {
			isa = XCBuildConfiguration;
			buildSettings = {
				ALWAYS_EMBED_SWIFT_STANDARD_LIBRARIES = YES;
				BUNDLE_LOADER = "$(TEST_HOST)";
				DEVELOPMENT_TEAM = AT37MU8G47;
				INFOPLIST_FILE = NotifyTests/Info.plist;
				LD_RUNPATH_SEARCH_PATHS = "$(inherited) @executable_path/Frameworks @loader_path/Frameworks";
				PRODUCT_BUNDLE_IDENTIFIER = com.cubix.app.NotifyTests;
				PRODUCT_NAME = "$(TARGET_NAME)";
				SWIFT_VERSION = 3.0;
				TEST_HOST = "$(BUILT_PRODUCTS_DIR)/Notify.app/Notify";
			};
			name = Debug;
		};
		CE057FCB1F6AF898005C3AE9 /* Release */ = {
			isa = XCBuildConfiguration;
			buildSettings = {
				ALWAYS_EMBED_SWIFT_STANDARD_LIBRARIES = YES;
				BUNDLE_LOADER = "$(TEST_HOST)";
				DEVELOPMENT_TEAM = AT37MU8G47;
				INFOPLIST_FILE = NotifyTests/Info.plist;
				LD_RUNPATH_SEARCH_PATHS = "$(inherited) @executable_path/Frameworks @loader_path/Frameworks";
				PRODUCT_BUNDLE_IDENTIFIER = com.cubix.app.NotifyTests;
				PRODUCT_NAME = "$(TARGET_NAME)";
				SWIFT_VERSION = 3.0;
				TEST_HOST = "$(BUILT_PRODUCTS_DIR)/Notify.app/Notify";
			};
			name = Release;
		};
		CE057FCD1F6AF898005C3AE9 /* Debug */ = {
			isa = XCBuildConfiguration;
			buildSettings = {
				ALWAYS_EMBED_SWIFT_STANDARD_LIBRARIES = YES;
				DEVELOPMENT_TEAM = AT37MU8G47;
				INFOPLIST_FILE = NotifyUITests/Info.plist;
				LD_RUNPATH_SEARCH_PATHS = "$(inherited) @executable_path/Frameworks @loader_path/Frameworks";
				PRODUCT_BUNDLE_IDENTIFIER = com.cubix.app.NotifyUITests;
				PRODUCT_NAME = "$(TARGET_NAME)";
				SWIFT_VERSION = 3.0;
				TEST_TARGET_NAME = Notify;
			};
			name = Debug;
		};
		CE057FCE1F6AF898005C3AE9 /* Release */ = {
			isa = XCBuildConfiguration;
			buildSettings = {
				ALWAYS_EMBED_SWIFT_STANDARD_LIBRARIES = YES;
				DEVELOPMENT_TEAM = AT37MU8G47;
				INFOPLIST_FILE = NotifyUITests/Info.plist;
				LD_RUNPATH_SEARCH_PATHS = "$(inherited) @executable_path/Frameworks @loader_path/Frameworks";
				PRODUCT_BUNDLE_IDENTIFIER = com.cubix.app.NotifyUITests;
				PRODUCT_NAME = "$(TARGET_NAME)";
				SWIFT_VERSION = 3.0;
				TEST_TARGET_NAME = Notify;
			};
			name = Release;
		};
/* End XCBuildConfiguration section */

/* Begin XCConfigurationList section */
		CE057F991F6AF897005C3AE9 /* Build configuration list for PBXProject "Notify" */ = {
			isa = XCConfigurationList;
			buildConfigurations = (
				CE057FC41F6AF898005C3AE9 /* Debug */,
				CE057FC51F6AF898005C3AE9 /* Release */,
			);
			defaultConfigurationIsVisible = 0;
			defaultConfigurationName = Release;
		};
		CE057FC61F6AF898005C3AE9 /* Build configuration list for PBXNativeTarget "Notify" */ = {
			isa = XCConfigurationList;
			buildConfigurations = (
				CE057FC71F6AF898005C3AE9 /* Debug */,
				CE057FC81F6AF898005C3AE9 /* Release */,
			);
			defaultConfigurationIsVisible = 0;
			defaultConfigurationName = Release;
		};
		CE057FC91F6AF898005C3AE9 /* Build configuration list for PBXNativeTarget "NotifyTests" */ = {
			isa = XCConfigurationList;
			buildConfigurations = (
				CE057FCA1F6AF898005C3AE9 /* Debug */,
				CE057FCB1F6AF898005C3AE9 /* Release */,
			);
			defaultConfigurationIsVisible = 0;
			defaultConfigurationName = Release;
		};
		CE057FCC1F6AF898005C3AE9 /* Build configuration list for PBXNativeTarget "NotifyUITests" */ = {
			isa = XCConfigurationList;
			buildConfigurations = (
				CE057FCD1F6AF898005C3AE9 /* Debug */,
				CE057FCE1F6AF898005C3AE9 /* Release */,
			);
			defaultConfigurationIsVisible = 0;
			defaultConfigurationName = Release;
		};
/* End XCConfigurationList section */
	};
	rootObject = CE057F961F6AF897005C3AE9 /* Project object */;
}
